
Microsoft Visual Studio Solution File, Format Version 12.00
# Visual Studio Version 16
VisualStudioVersion = 16.0.29519.87
MinimumVisualStudioVersion = 10.0.40219.1
Project("{9A19103F-16F7-4668-BE54-9A1E7A4F7556}") = "ManufacturingInventory.UI", "ManufacturingInventory.Main\ManufacturingInventory.UI.csproj", "{C59828D3-E033-4E3A-A87C-FA5472132B89}"
EndProject
Project("{2150E333-8FDC-42A3-9474-1A3956D46DE8}") = "Applications", "Applications", "{24BF0A95-72C3-4B9B-8D54-BAF55A003A1A}"
EndProject
Project("{2150E333-8FDC-42A3-9474-1A3956D46DE8}") = "Infrastructure", "Infrastructure", "{5E99EEEF-A85B-4669-BB6F-F3A75C64227C}"
EndProject
Project("{2150E333-8FDC-42A3-9474-1A3956D46DE8}") = "Modules", "Modules", "{D4D6569B-0BC5-45CF-B000-E14C9CFD86CF}"
EndProject
Project("{9A19103F-16F7-4668-BE54-9A1E7A4F7556}") = "ManufacturingInventory.ConsoleTesting", "ManufacturingInventory.ConsoleTesting\ManufacturingInventory.ConsoleTesting.csproj", "{13E0C465-97D0-4259-B13A-305048FC7FD8}"
EndProject
Project("{9A19103F-16F7-4668-BE54-9A1E7A4F7556}") = "ManufacturingInventory.InstallConsole", "ManufacturingInventory.InstallConsole\ManufacturingInventory.InstallConsole.csproj", "{1E52A2E2-C928-4085-9C61-875EFF1DD450}"
EndProject
Project("{9A19103F-16F7-4668-BE54-9A1E7A4F7556}") = "ManufacturingInventory.Installer", "ManufacturingInventory.Installer\ManufacturingInventory.Installer.csproj", "{14EF8C47-B558-4AAD-8EBA-C73D6FA82651}"
EndProject
Project("{2150E333-8FDC-42A3-9474-1A3956D46DE8}") = "Installer", "Installer", "{296E8ADA-8C81-4FBA-9CC4-B5C39AF06F62}"
EndProject
Project("{9A19103F-16F7-4668-BE54-9A1E7A4F7556}") = "ManufacturingInventory.InstallSequence", "ManufacturingInventory.Installer.InstallSequence\ManufacturingInventory.InstallSequence.csproj", "{105F1E65-FEB4-4D97-9FB8-CC71B705A238}"
EndProject
Project("{9A19103F-16F7-4668-BE54-9A1E7A4F7556}") = "ManufacturingInventory.PartsManagment", "ManufacturingInventory.PartsManagment\ManufacturingInventory.PartsManagment.csproj", "{47E57F58-C101-4960-A2C2-72A7C5318AF0}"
EndProject
Project("{2150E333-8FDC-42A3-9474-1A3956D46DE8}") = "Solution Items", "Solution Items", "{3DCDC25F-6D7C-4D60-A349-8A65A4FEB10B}"
	ProjectSection(SolutionItems) = preProject
		.editorconfig = .editorconfig
	EndProjectSection
EndProject
Project("{9A19103F-16F7-4668-BE54-9A1E7A4F7556}") = "ManufacturingInventory.Domain", "ManufacturingInventory.Domain\ManufacturingInventory.Domain.csproj", "{870D41F4-D251-4146-8C9A-7C3BF044F9D4}"
EndProject
Project("{9A19103F-16F7-4668-BE54-9A1E7A4F7556}") = "ManufacturingInventory.Infrastructure", "ManufacturingInventory.Infrastructure\ManufacturingInventory.Infrastructure.csproj", "{D74EE399-B276-42BE-AE34-DB49CA50855E}"
EndProject
Project("{9A19103F-16F7-4668-BE54-9A1E7A4F7556}") = "ManufacturingInventory.Application", "ManufacturingInventory.Application\ManufacturingInventory.Application.csproj", "{B49E76D5-F7B7-4236-8B7B-43F5E4747B0B}"
EndProject
Project("{9A19103F-16F7-4668-BE54-9A1E7A4F7556}") = "ManufacturingInventory.Common", "ManufacturingInventory.Common\ManufacturingInventory.Common.csproj", "{EF09A82D-F893-40F1-AF0B-8F4CCF4F22EC}"
EndProject
Project("{2150E333-8FDC-42A3-9474-1A3956D46DE8}") = "Publish-Zip", "Publish-Zip", "{F634B00C-5D17-4B22-92B1-F2CE7E6FB16F}"
EndProject
Project("{9A19103F-16F7-4668-BE54-9A1E7A4F7556}") = "PublishTool", "PublishTool\PublishTool.csproj", "{F03D0521-0401-4F6D-8688-C8F3F210954A}"
EndProject
Project("{9A19103F-16F7-4668-BE54-9A1E7A4F7556}") = "ManufacturingInventory.DistributorManagment", "ManufacturingInventory.DistributorManagment\ManufacturingInventory.DistributorManagment.csproj", "{85F2BBE9-42A6-4282-A2E0-DAC8290C2962}"
EndProject
Project("{9A19103F-16F7-4668-BE54-9A1E7A4F7556}") = "ManufacturingInventory.CategoryManagment", "ManufacturingInventory.CategoryManagment\ManufacturingInventory.CategoryManagment.csproj", "{14B167E6-A8C7-444B-AA48-A58EB9F04A22}"
EndProject
Project("{9A19103F-16F7-4668-BE54-9A1E7A4F7556}") = "ManufacturingInventory.Reporting", "ManufacturingInventory.Reporting\ManufacturingInventory.Reporting.csproj", "{3545472A-F854-475C-A151-44664BA3BCE2}"
EndProject
Project("{930C7802-8A8C-48F9-8165-68863BCCD9DD}") = "InventoryInstaller", "InventoryInstaller\InventoryInstaller.wixproj", "{C26A06F6-39DB-47D4-A534-FE0BDDF2C77A}"
EndProject
Global
	GlobalSection(SolutionConfigurationPlatforms) = preSolution
		Debug|Any CPU = Debug|Any CPU
		Debug|ARM = Debug|ARM
		Debug|ARM64 = Debug|ARM64
		Debug|x64 = Debug|x64
		Debug|x86 = Debug|x86
		other|Any CPU = other|Any CPU
		other|ARM = other|ARM
		other|ARM64 = other|ARM64
		other|x64 = other|x64
		other|x86 = other|x86
		Release|Any CPU = Release|Any CPU
		Release|ARM = Release|ARM
		Release|ARM64 = Release|ARM64
		Release|x64 = Release|x64
		Release|x86 = Release|x86
	EndGlobalSection
	GlobalSection(ProjectConfigurationPlatforms) = postSolution
		{C59828D3-E033-4E3A-A87C-FA5472132B89}.Debug|Any CPU.ActiveCfg = Debug|Any CPU
		{C59828D3-E033-4E3A-A87C-FA5472132B89}.Debug|Any CPU.Build.0 = Debug|Any CPU
		{C59828D3-E033-4E3A-A87C-FA5472132B89}.Debug|ARM.ActiveCfg = Debug|Any CPU
		{C59828D3-E033-4E3A-A87C-FA5472132B89}.Debug|ARM.Build.0 = Debug|Any CPU
		{C59828D3-E033-4E3A-A87C-FA5472132B89}.Debug|ARM64.ActiveCfg = Debug|Any CPU
		{C59828D3-E033-4E3A-A87C-FA5472132B89}.Debug|ARM64.Build.0 = Debug|Any CPU
		{C59828D3-E033-4E3A-A87C-FA5472132B89}.Debug|x64.ActiveCfg = Debug|Any CPU
		{C59828D3-E033-4E3A-A87C-FA5472132B89}.Debug|x64.Build.0 = Debug|Any CPU
		{C59828D3-E033-4E3A-A87C-FA5472132B89}.Debug|x86.ActiveCfg = Debug|Any CPU
		{C59828D3-E033-4E3A-A87C-FA5472132B89}.Debug|x86.Build.0 = Debug|Any CPU
		{C59828D3-E033-4E3A-A87C-FA5472132B89}.other|Any CPU.ActiveCfg = other|Any CPU
		{C59828D3-E033-4E3A-A87C-FA5472132B89}.other|Any CPU.Build.0 = other|Any CPU
		{C59828D3-E033-4E3A-A87C-FA5472132B89}.other|ARM.ActiveCfg = other|Any CPU
		{C59828D3-E033-4E3A-A87C-FA5472132B89}.other|ARM.Build.0 = other|Any CPU
		{C59828D3-E033-4E3A-A87C-FA5472132B89}.other|ARM64.ActiveCfg = other|Any CPU
		{C59828D3-E033-4E3A-A87C-FA5472132B89}.other|ARM64.Build.0 = other|Any CPU
		{C59828D3-E033-4E3A-A87C-FA5472132B89}.other|x64.ActiveCfg = other|Any CPU
		{C59828D3-E033-4E3A-A87C-FA5472132B89}.other|x64.Build.0 = other|Any CPU
		{C59828D3-E033-4E3A-A87C-FA5472132B89}.other|x86.ActiveCfg = other|Any CPU
		{C59828D3-E033-4E3A-A87C-FA5472132B89}.other|x86.Build.0 = other|Any CPU
		{C59828D3-E033-4E3A-A87C-FA5472132B89}.Release|Any CPU.ActiveCfg = Release|Any CPU
		{C59828D3-E033-4E3A-A87C-FA5472132B89}.Release|Any CPU.Build.0 = Release|Any CPU
		{C59828D3-E033-4E3A-A87C-FA5472132B89}.Release|ARM.ActiveCfg = Release|Any CPU
		{C59828D3-E033-4E3A-A87C-FA5472132B89}.Release|ARM.Build.0 = Release|Any CPU
		{C59828D3-E033-4E3A-A87C-FA5472132B89}.Release|ARM64.ActiveCfg = Release|Any CPU
		{C59828D3-E033-4E3A-A87C-FA5472132B89}.Release|ARM64.Build.0 = Release|Any CPU
		{C59828D3-E033-4E3A-A87C-FA5472132B89}.Release|x64.ActiveCfg = Release|Any CPU
		{C59828D3-E033-4E3A-A87C-FA5472132B89}.Release|x64.Build.0 = Release|Any CPU
		{C59828D3-E033-4E3A-A87C-FA5472132B89}.Release|x86.ActiveCfg = Release|x86
		{C59828D3-E033-4E3A-A87C-FA5472132B89}.Release|x86.Build.0 = Release|x86
		{13E0C465-97D0-4259-B13A-305048FC7FD8}.Debug|Any CPU.ActiveCfg = Debug|Any CPU
		{13E0C465-97D0-4259-B13A-305048FC7FD8}.Debug|Any CPU.Build.0 = Debug|Any CPU
		{13E0C465-97D0-4259-B13A-305048FC7FD8}.Debug|ARM.ActiveCfg = Debug|Any CPU
		{13E0C465-97D0-4259-B13A-305048FC7FD8}.Debug|ARM.Build.0 = Debug|Any CPU
		{13E0C465-97D0-4259-B13A-305048FC7FD8}.Debug|ARM64.ActiveCfg = Debug|Any CPU
		{13E0C465-97D0-4259-B13A-305048FC7FD8}.Debug|ARM64.Build.0 = Debug|Any CPU
		{13E0C465-97D0-4259-B13A-305048FC7FD8}.Debug|x64.ActiveCfg = Debug|Any CPU
		{13E0C465-97D0-4259-B13A-305048FC7FD8}.Debug|x64.Build.0 = Debug|Any CPU
		{13E0C465-97D0-4259-B13A-305048FC7FD8}.Debug|x86.ActiveCfg = Debug|Any CPU
		{13E0C465-97D0-4259-B13A-305048FC7FD8}.Debug|x86.Build.0 = Debug|Any CPU
		{13E0C465-97D0-4259-B13A-305048FC7FD8}.other|Any CPU.ActiveCfg = other|Any CPU
		{13E0C465-97D0-4259-B13A-305048FC7FD8}.other|Any CPU.Build.0 = other|Any CPU
		{13E0C465-97D0-4259-B13A-305048FC7FD8}.other|ARM.ActiveCfg = other|Any CPU
		{13E0C465-97D0-4259-B13A-305048FC7FD8}.other|ARM.Build.0 = other|Any CPU
		{13E0C465-97D0-4259-B13A-305048FC7FD8}.other|ARM64.ActiveCfg = other|Any CPU
		{13E0C465-97D0-4259-B13A-305048FC7FD8}.other|ARM64.Build.0 = other|Any CPU
		{13E0C465-97D0-4259-B13A-305048FC7FD8}.other|x64.ActiveCfg = other|Any CPU
		{13E0C465-97D0-4259-B13A-305048FC7FD8}.other|x64.Build.0 = other|Any CPU
		{13E0C465-97D0-4259-B13A-305048FC7FD8}.other|x86.ActiveCfg = other|Any CPU
		{13E0C465-97D0-4259-B13A-305048FC7FD8}.other|x86.Build.0 = other|Any CPU
		{13E0C465-97D0-4259-B13A-305048FC7FD8}.Release|Any CPU.ActiveCfg = Release|Any CPU
		{13E0C465-97D0-4259-B13A-305048FC7FD8}.Release|Any CPU.Build.0 = Release|Any CPU
		{13E0C465-97D0-4259-B13A-305048FC7FD8}.Release|ARM.ActiveCfg = Release|Any CPU
		{13E0C465-97D0-4259-B13A-305048FC7FD8}.Release|ARM.Build.0 = Release|Any CPU
		{13E0C465-97D0-4259-B13A-305048FC7FD8}.Release|ARM64.ActiveCfg = Release|Any CPU
		{13E0C465-97D0-4259-B13A-305048FC7FD8}.Release|ARM64.Build.0 = Release|Any CPU
		{13E0C465-97D0-4259-B13A-305048FC7FD8}.Release|x64.ActiveCfg = Release|Any CPU
		{13E0C465-97D0-4259-B13A-305048FC7FD8}.Release|x64.Build.0 = Release|Any CPU
		{13E0C465-97D0-4259-B13A-305048FC7FD8}.Release|x86.ActiveCfg = Release|x86
		{13E0C465-97D0-4259-B13A-305048FC7FD8}.Release|x86.Build.0 = Release|x86
		{1E52A2E2-C928-4085-9C61-875EFF1DD450}.Debug|Any CPU.ActiveCfg = Debug|Any CPU
		{1E52A2E2-C928-4085-9C61-875EFF1DD450}.Debug|Any CPU.Build.0 = Debug|Any CPU
		{1E52A2E2-C928-4085-9C61-875EFF1DD450}.Debug|ARM.ActiveCfg = Debug|Any CPU
		{1E52A2E2-C928-4085-9C61-875EFF1DD450}.Debug|ARM.Build.0 = Debug|Any CPU
		{1E52A2E2-C928-4085-9C61-875EFF1DD450}.Debug|ARM64.ActiveCfg = Debug|Any CPU
		{1E52A2E2-C928-4085-9C61-875EFF1DD450}.Debug|ARM64.Build.0 = Debug|Any CPU
		{1E52A2E2-C928-4085-9C61-875EFF1DD450}.Debug|x64.ActiveCfg = Debug|Any CPU
		{1E52A2E2-C928-4085-9C61-875EFF1DD450}.Debug|x64.Build.0 = Debug|Any CPU
		{1E52A2E2-C928-4085-9C61-875EFF1DD450}.Debug|x86.ActiveCfg = Debug|Any CPU
		{1E52A2E2-C928-4085-9C61-875EFF1DD450}.Debug|x86.Build.0 = Debug|Any CPU
		{1E52A2E2-C928-4085-9C61-875EFF1DD450}.other|Any CPU.ActiveCfg = other|Any CPU
		{1E52A2E2-C928-4085-9C61-875EFF1DD450}.other|Any CPU.Build.0 = other|Any CPU
		{1E52A2E2-C928-4085-9C61-875EFF1DD450}.other|ARM.ActiveCfg = other|Any CPU
		{1E52A2E2-C928-4085-9C61-875EFF1DD450}.other|ARM.Build.0 = other|Any CPU
		{1E52A2E2-C928-4085-9C61-875EFF1DD450}.other|ARM64.ActiveCfg = other|Any CPU
		{1E52A2E2-C928-4085-9C61-875EFF1DD450}.other|ARM64.Build.0 = other|Any CPU
		{1E52A2E2-C928-4085-9C61-875EFF1DD450}.other|x64.ActiveCfg = other|Any CPU
		{1E52A2E2-C928-4085-9C61-875EFF1DD450}.other|x64.Build.0 = other|Any CPU
		{1E52A2E2-C928-4085-9C61-875EFF1DD450}.other|x86.ActiveCfg = other|Any CPU
		{1E52A2E2-C928-4085-9C61-875EFF1DD450}.other|x86.Build.0 = other|Any CPU
		{1E52A2E2-C928-4085-9C61-875EFF1DD450}.Release|Any CPU.ActiveCfg = Release|Any CPU
		{1E52A2E2-C928-4085-9C61-875EFF1DD450}.Release|Any CPU.Build.0 = Release|Any CPU
		{1E52A2E2-C928-4085-9C61-875EFF1DD450}.Release|ARM.ActiveCfg = Release|Any CPU
		{1E52A2E2-C928-4085-9C61-875EFF1DD450}.Release|ARM.Build.0 = Release|Any CPU
		{1E52A2E2-C928-4085-9C61-875EFF1DD450}.Release|ARM64.ActiveCfg = Release|Any CPU
		{1E52A2E2-C928-4085-9C61-875EFF1DD450}.Release|ARM64.Build.0 = Release|Any CPU
		{1E52A2E2-C928-4085-9C61-875EFF1DD450}.Release|x64.ActiveCfg = Release|Any CPU
		{1E52A2E2-C928-4085-9C61-875EFF1DD450}.Release|x64.Build.0 = Release|Any CPU
		{1E52A2E2-C928-4085-9C61-875EFF1DD450}.Release|x86.ActiveCfg = Release|x86
		{1E52A2E2-C928-4085-9C61-875EFF1DD450}.Release|x86.Build.0 = Release|x86
		{14EF8C47-B558-4AAD-8EBA-C73D6FA82651}.Debug|Any CPU.ActiveCfg = Debug|Any CPU
		{14EF8C47-B558-4AAD-8EBA-C73D6FA82651}.Debug|Any CPU.Build.0 = Debug|Any CPU
		{14EF8C47-B558-4AAD-8EBA-C73D6FA82651}.Debug|ARM.ActiveCfg = Debug|Any CPU
		{14EF8C47-B558-4AAD-8EBA-C73D6FA82651}.Debug|ARM.Build.0 = Debug|Any CPU
		{14EF8C47-B558-4AAD-8EBA-C73D6FA82651}.Debug|ARM64.ActiveCfg = Debug|Any CPU
		{14EF8C47-B558-4AAD-8EBA-C73D6FA82651}.Debug|ARM64.Build.0 = Debug|Any CPU
		{14EF8C47-B558-4AAD-8EBA-C73D6FA82651}.Debug|x64.ActiveCfg = Debug|Any CPU
		{14EF8C47-B558-4AAD-8EBA-C73D6FA82651}.Debug|x64.Build.0 = Debug|Any CPU
		{14EF8C47-B558-4AAD-8EBA-C73D6FA82651}.Debug|x86.ActiveCfg = Debug|Any CPU
		{14EF8C47-B558-4AAD-8EBA-C73D6FA82651}.Debug|x86.Build.0 = Debug|Any CPU
		{14EF8C47-B558-4AAD-8EBA-C73D6FA82651}.other|Any CPU.ActiveCfg = other|Any CPU
		{14EF8C47-B558-4AAD-8EBA-C73D6FA82651}.other|Any CPU.Build.0 = other|Any CPU
		{14EF8C47-B558-4AAD-8EBA-C73D6FA82651}.other|ARM.ActiveCfg = other|Any CPU
		{14EF8C47-B558-4AAD-8EBA-C73D6FA82651}.other|ARM.Build.0 = other|Any CPU
		{14EF8C47-B558-4AAD-8EBA-C73D6FA82651}.other|ARM64.ActiveCfg = other|Any CPU
		{14EF8C47-B558-4AAD-8EBA-C73D6FA82651}.other|ARM64.Build.0 = other|Any CPU
		{14EF8C47-B558-4AAD-8EBA-C73D6FA82651}.other|x64.ActiveCfg = other|Any CPU
		{14EF8C47-B558-4AAD-8EBA-C73D6FA82651}.other|x64.Build.0 = other|Any CPU
		{14EF8C47-B558-4AAD-8EBA-C73D6FA82651}.other|x86.ActiveCfg = other|Any CPU
		{14EF8C47-B558-4AAD-8EBA-C73D6FA82651}.other|x86.Build.0 = other|Any CPU
		{14EF8C47-B558-4AAD-8EBA-C73D6FA82651}.Release|Any CPU.ActiveCfg = Release|Any CPU
		{14EF8C47-B558-4AAD-8EBA-C73D6FA82651}.Release|Any CPU.Build.0 = Release|Any CPU
		{14EF8C47-B558-4AAD-8EBA-C73D6FA82651}.Release|ARM.ActiveCfg = Release|Any CPU
		{14EF8C47-B558-4AAD-8EBA-C73D6FA82651}.Release|ARM.Build.0 = Release|Any CPU
		{14EF8C47-B558-4AAD-8EBA-C73D6FA82651}.Release|ARM64.ActiveCfg = Release|Any CPU
		{14EF8C47-B558-4AAD-8EBA-C73D6FA82651}.Release|ARM64.Build.0 = Release|Any CPU
		{14EF8C47-B558-4AAD-8EBA-C73D6FA82651}.Release|x64.ActiveCfg = Release|Any CPU
		{14EF8C47-B558-4AAD-8EBA-C73D6FA82651}.Release|x64.Build.0 = Release|Any CPU
		{14EF8C47-B558-4AAD-8EBA-C73D6FA82651}.Release|x86.ActiveCfg = Release|x86
		{14EF8C47-B558-4AAD-8EBA-C73D6FA82651}.Release|x86.Build.0 = Release|x86
		{105F1E65-FEB4-4D97-9FB8-CC71B705A238}.Debug|Any CPU.ActiveCfg = Debug|Any CPU
		{105F1E65-FEB4-4D97-9FB8-CC71B705A238}.Debug|Any CPU.Build.0 = Debug|Any CPU
		{105F1E65-FEB4-4D97-9FB8-CC71B705A238}.Debug|ARM.ActiveCfg = Debug|Any CPU
		{105F1E65-FEB4-4D97-9FB8-CC71B705A238}.Debug|ARM.Build.0 = Debug|Any CPU
		{105F1E65-FEB4-4D97-9FB8-CC71B705A238}.Debug|ARM64.ActiveCfg = Debug|Any CPU
		{105F1E65-FEB4-4D97-9FB8-CC71B705A238}.Debug|ARM64.Build.0 = Debug|Any CPU
		{105F1E65-FEB4-4D97-9FB8-CC71B705A238}.Debug|x64.ActiveCfg = Debug|Any CPU
		{105F1E65-FEB4-4D97-9FB8-CC71B705A238}.Debug|x64.Build.0 = Debug|Any CPU
		{105F1E65-FEB4-4D97-9FB8-CC71B705A238}.Debug|x86.ActiveCfg = Debug|Any CPU
		{105F1E65-FEB4-4D97-9FB8-CC71B705A238}.Debug|x86.Build.0 = Debug|Any CPU
		{105F1E65-FEB4-4D97-9FB8-CC71B705A238}.other|Any CPU.ActiveCfg = other|Any CPU
		{105F1E65-FEB4-4D97-9FB8-CC71B705A238}.other|Any CPU.Build.0 = other|Any CPU
		{105F1E65-FEB4-4D97-9FB8-CC71B705A238}.other|ARM.ActiveCfg = other|Any CPU
		{105F1E65-FEB4-4D97-9FB8-CC71B705A238}.other|ARM.Build.0 = other|Any CPU
		{105F1E65-FEB4-4D97-9FB8-CC71B705A238}.other|ARM64.ActiveCfg = other|Any CPU
		{105F1E65-FEB4-4D97-9FB8-CC71B705A238}.other|ARM64.Build.0 = other|Any CPU
		{105F1E65-FEB4-4D97-9FB8-CC71B705A238}.other|x64.ActiveCfg = other|Any CPU
		{105F1E65-FEB4-4D97-9FB8-CC71B705A238}.other|x64.Build.0 = other|Any CPU
		{105F1E65-FEB4-4D97-9FB8-CC71B705A238}.other|x86.ActiveCfg = other|Any CPU
		{105F1E65-FEB4-4D97-9FB8-CC71B705A238}.other|x86.Build.0 = other|Any CPU
		{105F1E65-FEB4-4D97-9FB8-CC71B705A238}.Release|Any CPU.ActiveCfg = Release|Any CPU
		{105F1E65-FEB4-4D97-9FB8-CC71B705A238}.Release|Any CPU.Build.0 = Release|Any CPU
		{105F1E65-FEB4-4D97-9FB8-CC71B705A238}.Release|ARM.ActiveCfg = Release|Any CPU
		{105F1E65-FEB4-4D97-9FB8-CC71B705A238}.Release|ARM.Build.0 = Release|Any CPU
		{105F1E65-FEB4-4D97-9FB8-CC71B705A238}.Release|ARM64.ActiveCfg = Release|Any CPU
		{105F1E65-FEB4-4D97-9FB8-CC71B705A238}.Release|ARM64.Build.0 = Release|Any CPU
		{105F1E65-FEB4-4D97-9FB8-CC71B705A238}.Release|x64.ActiveCfg = Release|Any CPU
		{105F1E65-FEB4-4D97-9FB8-CC71B705A238}.Release|x64.Build.0 = Release|Any CPU
		{105F1E65-FEB4-4D97-9FB8-CC71B705A238}.Release|x86.ActiveCfg = Release|x86
		{105F1E65-FEB4-4D97-9FB8-CC71B705A238}.Release|x86.Build.0 = Release|x86
		{47E57F58-C101-4960-A2C2-72A7C5318AF0}.Debug|Any CPU.ActiveCfg = Debug|Any CPU
		{47E57F58-C101-4960-A2C2-72A7C5318AF0}.Debug|Any CPU.Build.0 = Debug|Any CPU
		{47E57F58-C101-4960-A2C2-72A7C5318AF0}.Debug|ARM.ActiveCfg = Debug|Any CPU
		{47E57F58-C101-4960-A2C2-72A7C5318AF0}.Debug|ARM.Build.0 = Debug|Any CPU
		{47E57F58-C101-4960-A2C2-72A7C5318AF0}.Debug|ARM64.ActiveCfg = Debug|Any CPU
		{47E57F58-C101-4960-A2C2-72A7C5318AF0}.Debug|ARM64.Build.0 = Debug|Any CPU
		{47E57F58-C101-4960-A2C2-72A7C5318AF0}.Debug|x64.ActiveCfg = Debug|Any CPU
		{47E57F58-C101-4960-A2C2-72A7C5318AF0}.Debug|x64.Build.0 = Debug|Any CPU
		{47E57F58-C101-4960-A2C2-72A7C5318AF0}.Debug|x86.ActiveCfg = Debug|Any CPU
		{47E57F58-C101-4960-A2C2-72A7C5318AF0}.Debug|x86.Build.0 = Debug|Any CPU
		{47E57F58-C101-4960-A2C2-72A7C5318AF0}.other|Any CPU.ActiveCfg = other|Any CPU
		{47E57F58-C101-4960-A2C2-72A7C5318AF0}.other|Any CPU.Build.0 = other|Any CPU
		{47E57F58-C101-4960-A2C2-72A7C5318AF0}.other|ARM.ActiveCfg = other|Any CPU
		{47E57F58-C101-4960-A2C2-72A7C5318AF0}.other|ARM.Build.0 = other|Any CPU
		{47E57F58-C101-4960-A2C2-72A7C5318AF0}.other|ARM64.ActiveCfg = other|Any CPU
		{47E57F58-C101-4960-A2C2-72A7C5318AF0}.other|ARM64.Build.0 = other|Any CPU
		{47E57F58-C101-4960-A2C2-72A7C5318AF0}.other|x64.ActiveCfg = other|Any CPU
		{47E57F58-C101-4960-A2C2-72A7C5318AF0}.other|x64.Build.0 = other|Any CPU
		{47E57F58-C101-4960-A2C2-72A7C5318AF0}.other|x86.ActiveCfg = other|Any CPU
		{47E57F58-C101-4960-A2C2-72A7C5318AF0}.other|x86.Build.0 = other|Any CPU
		{47E57F58-C101-4960-A2C2-72A7C5318AF0}.Release|Any CPU.ActiveCfg = Release|Any CPU
		{47E57F58-C101-4960-A2C2-72A7C5318AF0}.Release|Any CPU.Build.0 = Release|Any CPU
		{47E57F58-C101-4960-A2C2-72A7C5318AF0}.Release|ARM.ActiveCfg = Release|Any CPU
		{47E57F58-C101-4960-A2C2-72A7C5318AF0}.Release|ARM.Build.0 = Release|Any CPU
		{47E57F58-C101-4960-A2C2-72A7C5318AF0}.Release|ARM64.ActiveCfg = Release|Any CPU
		{47E57F58-C101-4960-A2C2-72A7C5318AF0}.Release|ARM64.Build.0 = Release|Any CPU
		{47E57F58-C101-4960-A2C2-72A7C5318AF0}.Release|x64.ActiveCfg = Release|Any CPU
		{47E57F58-C101-4960-A2C2-72A7C5318AF0}.Release|x64.Build.0 = Release|Any CPU
		{47E57F58-C101-4960-A2C2-72A7C5318AF0}.Release|x86.ActiveCfg = Release|x86
		{47E57F58-C101-4960-A2C2-72A7C5318AF0}.Release|x86.Build.0 = Release|x86
		{870D41F4-D251-4146-8C9A-7C3BF044F9D4}.Debug|Any CPU.ActiveCfg = Debug|Any CPU
		{870D41F4-D251-4146-8C9A-7C3BF044F9D4}.Debug|Any CPU.Build.0 = Debug|Any CPU
		{870D41F4-D251-4146-8C9A-7C3BF044F9D4}.Debug|ARM.ActiveCfg = Debug|Any CPU
		{870D41F4-D251-4146-8C9A-7C3BF044F9D4}.Debug|ARM.Build.0 = Debug|Any CPU
		{870D41F4-D251-4146-8C9A-7C3BF044F9D4}.Debug|ARM64.ActiveCfg = Debug|Any CPU
		{870D41F4-D251-4146-8C9A-7C3BF044F9D4}.Debug|ARM64.Build.0 = Debug|Any CPU
		{870D41F4-D251-4146-8C9A-7C3BF044F9D4}.Debug|x64.ActiveCfg = Debug|Any CPU
		{870D41F4-D251-4146-8C9A-7C3BF044F9D4}.Debug|x64.Build.0 = Debug|Any CPU
		{870D41F4-D251-4146-8C9A-7C3BF044F9D4}.Debug|x86.ActiveCfg = Debug|Any CPU
		{870D41F4-D251-4146-8C9A-7C3BF044F9D4}.Debug|x86.Build.0 = Debug|Any CPU
		{870D41F4-D251-4146-8C9A-7C3BF044F9D4}.other|Any CPU.ActiveCfg = other|Any CPU
		{870D41F4-D251-4146-8C9A-7C3BF044F9D4}.other|Any CPU.Build.0 = other|Any CPU
		{870D41F4-D251-4146-8C9A-7C3BF044F9D4}.other|ARM.ActiveCfg = other|Any CPU
		{870D41F4-D251-4146-8C9A-7C3BF044F9D4}.other|ARM.Build.0 = other|Any CPU
		{870D41F4-D251-4146-8C9A-7C3BF044F9D4}.other|ARM64.ActiveCfg = other|Any CPU
		{870D41F4-D251-4146-8C9A-7C3BF044F9D4}.other|ARM64.Build.0 = other|Any CPU
		{870D41F4-D251-4146-8C9A-7C3BF044F9D4}.other|x64.ActiveCfg = other|Any CPU
		{870D41F4-D251-4146-8C9A-7C3BF044F9D4}.other|x64.Build.0 = other|Any CPU
		{870D41F4-D251-4146-8C9A-7C3BF044F9D4}.other|x86.ActiveCfg = other|Any CPU
		{870D41F4-D251-4146-8C9A-7C3BF044F9D4}.other|x86.Build.0 = other|Any CPU
		{870D41F4-D251-4146-8C9A-7C3BF044F9D4}.Release|Any CPU.ActiveCfg = Release|Any CPU
		{870D41F4-D251-4146-8C9A-7C3BF044F9D4}.Release|Any CPU.Build.0 = Release|Any CPU
		{870D41F4-D251-4146-8C9A-7C3BF044F9D4}.Release|ARM.ActiveCfg = Release|Any CPU
		{870D41F4-D251-4146-8C9A-7C3BF044F9D4}.Release|ARM.Build.0 = Release|Any CPU
		{870D41F4-D251-4146-8C9A-7C3BF044F9D4}.Release|ARM64.ActiveCfg = Release|Any CPU
		{870D41F4-D251-4146-8C9A-7C3BF044F9D4}.Release|ARM64.Build.0 = Release|Any CPU
		{870D41F4-D251-4146-8C9A-7C3BF044F9D4}.Release|x64.ActiveCfg = Release|Any CPU
		{870D41F4-D251-4146-8C9A-7C3BF044F9D4}.Release|x64.Build.0 = Release|Any CPU
		{870D41F4-D251-4146-8C9A-7C3BF044F9D4}.Release|x86.ActiveCfg = Release|x86
		{870D41F4-D251-4146-8C9A-7C3BF044F9D4}.Release|x86.Build.0 = Release|x86
		{D74EE399-B276-42BE-AE34-DB49CA50855E}.Debug|Any CPU.ActiveCfg = Debug|Any CPU
		{D74EE399-B276-42BE-AE34-DB49CA50855E}.Debug|Any CPU.Build.0 = Debug|Any CPU
		{D74EE399-B276-42BE-AE34-DB49CA50855E}.Debug|ARM.ActiveCfg = Debug|Any CPU
		{D74EE399-B276-42BE-AE34-DB49CA50855E}.Debug|ARM.Build.0 = Debug|Any CPU
		{D74EE399-B276-42BE-AE34-DB49CA50855E}.Debug|ARM64.ActiveCfg = Debug|Any CPU
		{D74EE399-B276-42BE-AE34-DB49CA50855E}.Debug|ARM64.Build.0 = Debug|Any CPU
		{D74EE399-B276-42BE-AE34-DB49CA50855E}.Debug|x64.ActiveCfg = Debug|Any CPU
		{D74EE399-B276-42BE-AE34-DB49CA50855E}.Debug|x64.Build.0 = Debug|Any CPU
		{D74EE399-B276-42BE-AE34-DB49CA50855E}.Debug|x86.ActiveCfg = Debug|Any CPU
		{D74EE399-B276-42BE-AE34-DB49CA50855E}.Debug|x86.Build.0 = Debug|Any CPU
		{D74EE399-B276-42BE-AE34-DB49CA50855E}.other|Any CPU.ActiveCfg = other|Any CPU
		{D74EE399-B276-42BE-AE34-DB49CA50855E}.other|Any CPU.Build.0 = other|Any CPU
		{D74EE399-B276-42BE-AE34-DB49CA50855E}.other|ARM.ActiveCfg = other|Any CPU
		{D74EE399-B276-42BE-AE34-DB49CA50855E}.other|ARM.Build.0 = other|Any CPU
		{D74EE399-B276-42BE-AE34-DB49CA50855E}.other|ARM64.ActiveCfg = other|Any CPU
		{D74EE399-B276-42BE-AE34-DB49CA50855E}.other|ARM64.Build.0 = other|Any CPU
		{D74EE399-B276-42BE-AE34-DB49CA50855E}.other|x64.ActiveCfg = other|Any CPU
		{D74EE399-B276-42BE-AE34-DB49CA50855E}.other|x64.Build.0 = other|Any CPU
		{D74EE399-B276-42BE-AE34-DB49CA50855E}.other|x86.ActiveCfg = other|Any CPU
		{D74EE399-B276-42BE-AE34-DB49CA50855E}.other|x86.Build.0 = other|Any CPU
		{D74EE399-B276-42BE-AE34-DB49CA50855E}.Release|Any CPU.ActiveCfg = Release|Any CPU
		{D74EE399-B276-42BE-AE34-DB49CA50855E}.Release|Any CPU.Build.0 = Release|Any CPU
		{D74EE399-B276-42BE-AE34-DB49CA50855E}.Release|ARM.ActiveCfg = Release|Any CPU
		{D74EE399-B276-42BE-AE34-DB49CA50855E}.Release|ARM.Build.0 = Release|Any CPU
		{D74EE399-B276-42BE-AE34-DB49CA50855E}.Release|ARM64.ActiveCfg = Release|Any CPU
		{D74EE399-B276-42BE-AE34-DB49CA50855E}.Release|ARM64.Build.0 = Release|Any CPU
		{D74EE399-B276-42BE-AE34-DB49CA50855E}.Release|x64.ActiveCfg = Release|Any CPU
		{D74EE399-B276-42BE-AE34-DB49CA50855E}.Release|x64.Build.0 = Release|Any CPU
		{D74EE399-B276-42BE-AE34-DB49CA50855E}.Release|x86.ActiveCfg = Release|x86
		{D74EE399-B276-42BE-AE34-DB49CA50855E}.Release|x86.Build.0 = Release|x86
		{B49E76D5-F7B7-4236-8B7B-43F5E4747B0B}.Debug|Any CPU.ActiveCfg = Debug|Any CPU
		{B49E76D5-F7B7-4236-8B7B-43F5E4747B0B}.Debug|Any CPU.Build.0 = Debug|Any CPU
		{B49E76D5-F7B7-4236-8B7B-43F5E4747B0B}.Debug|ARM.ActiveCfg = Debug|Any CPU
		{B49E76D5-F7B7-4236-8B7B-43F5E4747B0B}.Debug|ARM.Build.0 = Debug|Any CPU
		{B49E76D5-F7B7-4236-8B7B-43F5E4747B0B}.Debug|ARM64.ActiveCfg = Debug|Any CPU
		{B49E76D5-F7B7-4236-8B7B-43F5E4747B0B}.Debug|ARM64.Build.0 = Debug|Any CPU
		{B49E76D5-F7B7-4236-8B7B-43F5E4747B0B}.Debug|x64.ActiveCfg = Debug|Any CPU
		{B49E76D5-F7B7-4236-8B7B-43F5E4747B0B}.Debug|x64.Build.0 = Debug|Any CPU
		{B49E76D5-F7B7-4236-8B7B-43F5E4747B0B}.Debug|x86.ActiveCfg = Debug|Any CPU
		{B49E76D5-F7B7-4236-8B7B-43F5E4747B0B}.Debug|x86.Build.0 = Debug|Any CPU
		{B49E76D5-F7B7-4236-8B7B-43F5E4747B0B}.other|Any CPU.ActiveCfg = other|Any CPU
		{B49E76D5-F7B7-4236-8B7B-43F5E4747B0B}.other|Any CPU.Build.0 = other|Any CPU
		{B49E76D5-F7B7-4236-8B7B-43F5E4747B0B}.other|ARM.ActiveCfg = other|Any CPU
		{B49E76D5-F7B7-4236-8B7B-43F5E4747B0B}.other|ARM.Build.0 = other|Any CPU
		{B49E76D5-F7B7-4236-8B7B-43F5E4747B0B}.other|ARM64.ActiveCfg = other|Any CPU
		{B49E76D5-F7B7-4236-8B7B-43F5E4747B0B}.other|ARM64.Build.0 = other|Any CPU
		{B49E76D5-F7B7-4236-8B7B-43F5E4747B0B}.other|x64.ActiveCfg = other|Any CPU
		{B49E76D5-F7B7-4236-8B7B-43F5E4747B0B}.other|x64.Build.0 = other|Any CPU
		{B49E76D5-F7B7-4236-8B7B-43F5E4747B0B}.other|x86.ActiveCfg = other|Any CPU
		{B49E76D5-F7B7-4236-8B7B-43F5E4747B0B}.other|x86.Build.0 = other|Any CPU
		{B49E76D5-F7B7-4236-8B7B-43F5E4747B0B}.Release|Any CPU.ActiveCfg = Release|Any CPU
		{B49E76D5-F7B7-4236-8B7B-43F5E4747B0B}.Release|Any CPU.Build.0 = Release|Any CPU
		{B49E76D5-F7B7-4236-8B7B-43F5E4747B0B}.Release|ARM.ActiveCfg = Release|Any CPU
		{B49E76D5-F7B7-4236-8B7B-43F5E4747B0B}.Release|ARM.Build.0 = Release|Any CPU
		{B49E76D5-F7B7-4236-8B7B-43F5E4747B0B}.Release|ARM64.ActiveCfg = Release|Any CPU
		{B49E76D5-F7B7-4236-8B7B-43F5E4747B0B}.Release|ARM64.Build.0 = Release|Any CPU
		{B49E76D5-F7B7-4236-8B7B-43F5E4747B0B}.Release|x64.ActiveCfg = Release|Any CPU
		{B49E76D5-F7B7-4236-8B7B-43F5E4747B0B}.Release|x64.Build.0 = Release|Any CPU
		{B49E76D5-F7B7-4236-8B7B-43F5E4747B0B}.Release|x86.ActiveCfg = Release|x86
		{B49E76D5-F7B7-4236-8B7B-43F5E4747B0B}.Release|x86.Build.0 = Release|x86
		{EF09A82D-F893-40F1-AF0B-8F4CCF4F22EC}.Debug|Any CPU.ActiveCfg = Debug|Any CPU
		{EF09A82D-F893-40F1-AF0B-8F4CCF4F22EC}.Debug|Any CPU.Build.0 = Debug|Any CPU
		{EF09A82D-F893-40F1-AF0B-8F4CCF4F22EC}.Debug|ARM.ActiveCfg = Debug|Any CPU
		{EF09A82D-F893-40F1-AF0B-8F4CCF4F22EC}.Debug|ARM.Build.0 = Debug|Any CPU
		{EF09A82D-F893-40F1-AF0B-8F4CCF4F22EC}.Debug|ARM64.ActiveCfg = Debug|Any CPU
		{EF09A82D-F893-40F1-AF0B-8F4CCF4F22EC}.Debug|ARM64.Build.0 = Debug|Any CPU
		{EF09A82D-F893-40F1-AF0B-8F4CCF4F22EC}.Debug|x64.ActiveCfg = Debug|Any CPU
		{EF09A82D-F893-40F1-AF0B-8F4CCF4F22EC}.Debug|x64.Build.0 = Debug|Any CPU
		{EF09A82D-F893-40F1-AF0B-8F4CCF4F22EC}.Debug|x86.ActiveCfg = Debug|Any CPU
		{EF09A82D-F893-40F1-AF0B-8F4CCF4F22EC}.Debug|x86.Build.0 = Debug|Any CPU
		{EF09A82D-F893-40F1-AF0B-8F4CCF4F22EC}.other|Any CPU.ActiveCfg = other|Any CPU
		{EF09A82D-F893-40F1-AF0B-8F4CCF4F22EC}.other|Any CPU.Build.0 = other|Any CPU
		{EF09A82D-F893-40F1-AF0B-8F4CCF4F22EC}.other|ARM.ActiveCfg = other|Any CPU
		{EF09A82D-F893-40F1-AF0B-8F4CCF4F22EC}.other|ARM.Build.0 = other|Any CPU
		{EF09A82D-F893-40F1-AF0B-8F4CCF4F22EC}.other|ARM64.ActiveCfg = other|Any CPU
		{EF09A82D-F893-40F1-AF0B-8F4CCF4F22EC}.other|ARM64.Build.0 = other|Any CPU
		{EF09A82D-F893-40F1-AF0B-8F4CCF4F22EC}.other|x64.ActiveCfg = other|Any CPU
		{EF09A82D-F893-40F1-AF0B-8F4CCF4F22EC}.other|x64.Build.0 = other|Any CPU
		{EF09A82D-F893-40F1-AF0B-8F4CCF4F22EC}.other|x86.ActiveCfg = other|Any CPU
		{EF09A82D-F893-40F1-AF0B-8F4CCF4F22EC}.other|x86.Build.0 = other|Any CPU
		{EF09A82D-F893-40F1-AF0B-8F4CCF4F22EC}.Release|Any CPU.ActiveCfg = Release|Any CPU
		{EF09A82D-F893-40F1-AF0B-8F4CCF4F22EC}.Release|Any CPU.Build.0 = Release|Any CPU
		{EF09A82D-F893-40F1-AF0B-8F4CCF4F22EC}.Release|ARM.ActiveCfg = Release|Any CPU
		{EF09A82D-F893-40F1-AF0B-8F4CCF4F22EC}.Release|ARM.Build.0 = Release|Any CPU
		{EF09A82D-F893-40F1-AF0B-8F4CCF4F22EC}.Release|ARM64.ActiveCfg = Release|Any CPU
		{EF09A82D-F893-40F1-AF0B-8F4CCF4F22EC}.Release|ARM64.Build.0 = Release|Any CPU
		{EF09A82D-F893-40F1-AF0B-8F4CCF4F22EC}.Release|x64.ActiveCfg = Release|Any CPU
		{EF09A82D-F893-40F1-AF0B-8F4CCF4F22EC}.Release|x64.Build.0 = Release|Any CPU
		{EF09A82D-F893-40F1-AF0B-8F4CCF4F22EC}.Release|x86.ActiveCfg = Release|x86
		{EF09A82D-F893-40F1-AF0B-8F4CCF4F22EC}.Release|x86.Build.0 = Release|x86
		{F03D0521-0401-4F6D-8688-C8F3F210954A}.Debug|Any CPU.ActiveCfg = Debug|Any CPU
		{F03D0521-0401-4F6D-8688-C8F3F210954A}.Debug|Any CPU.Build.0 = Debug|Any CPU
		{F03D0521-0401-4F6D-8688-C8F3F210954A}.Debug|ARM.ActiveCfg = Debug|Any CPU
		{F03D0521-0401-4F6D-8688-C8F3F210954A}.Debug|ARM.Build.0 = Debug|Any CPU
		{F03D0521-0401-4F6D-8688-C8F3F210954A}.Debug|ARM64.ActiveCfg = Debug|Any CPU
		{F03D0521-0401-4F6D-8688-C8F3F210954A}.Debug|ARM64.Build.0 = Debug|Any CPU
		{F03D0521-0401-4F6D-8688-C8F3F210954A}.Debug|x64.ActiveCfg = Debug|Any CPU
		{F03D0521-0401-4F6D-8688-C8F3F210954A}.Debug|x64.Build.0 = Debug|Any CPU
		{F03D0521-0401-4F6D-8688-C8F3F210954A}.Debug|x86.ActiveCfg = Debug|Any CPU
		{F03D0521-0401-4F6D-8688-C8F3F210954A}.Debug|x86.Build.0 = Debug|Any CPU
		{F03D0521-0401-4F6D-8688-C8F3F210954A}.other|Any CPU.ActiveCfg = other|Any CPU
		{F03D0521-0401-4F6D-8688-C8F3F210954A}.other|Any CPU.Build.0 = other|Any CPU
		{F03D0521-0401-4F6D-8688-C8F3F210954A}.other|ARM.ActiveCfg = other|Any CPU
		{F03D0521-0401-4F6D-8688-C8F3F210954A}.other|ARM.Build.0 = other|Any CPU
		{F03D0521-0401-4F6D-8688-C8F3F210954A}.other|ARM64.ActiveCfg = other|Any CPU
		{F03D0521-0401-4F6D-8688-C8F3F210954A}.other|ARM64.Build.0 = other|Any CPU
		{F03D0521-0401-4F6D-8688-C8F3F210954A}.other|x64.ActiveCfg = other|Any CPU
		{F03D0521-0401-4F6D-8688-C8F3F210954A}.other|x64.Build.0 = other|Any CPU
		{F03D0521-0401-4F6D-8688-C8F3F210954A}.other|x86.ActiveCfg = other|Any CPU
		{F03D0521-0401-4F6D-8688-C8F3F210954A}.other|x86.Build.0 = other|Any CPU
		{F03D0521-0401-4F6D-8688-C8F3F210954A}.Release|Any CPU.ActiveCfg = Release|Any CPU
		{F03D0521-0401-4F6D-8688-C8F3F210954A}.Release|Any CPU.Build.0 = Release|Any CPU
		{F03D0521-0401-4F6D-8688-C8F3F210954A}.Release|ARM.ActiveCfg = Release|Any CPU
		{F03D0521-0401-4F6D-8688-C8F3F210954A}.Release|ARM.Build.0 = Release|Any CPU
		{F03D0521-0401-4F6D-8688-C8F3F210954A}.Release|ARM64.ActiveCfg = Release|Any CPU
		{F03D0521-0401-4F6D-8688-C8F3F210954A}.Release|ARM64.Build.0 = Release|Any CPU
		{F03D0521-0401-4F6D-8688-C8F3F210954A}.Release|x64.ActiveCfg = Release|Any CPU
		{F03D0521-0401-4F6D-8688-C8F3F210954A}.Release|x64.Build.0 = Release|Any CPU
		{F03D0521-0401-4F6D-8688-C8F3F210954A}.Release|x86.ActiveCfg = Release|x86
		{F03D0521-0401-4F6D-8688-C8F3F210954A}.Release|x86.Build.0 = Release|x86
		{85F2BBE9-42A6-4282-A2E0-DAC8290C2962}.Debug|Any CPU.ActiveCfg = Debug|Any CPU
		{85F2BBE9-42A6-4282-A2E0-DAC8290C2962}.Debug|Any CPU.Build.0 = Debug|Any CPU
		{85F2BBE9-42A6-4282-A2E0-DAC8290C2962}.Debug|ARM.ActiveCfg = Debug|Any CPU
		{85F2BBE9-42A6-4282-A2E0-DAC8290C2962}.Debug|ARM.Build.0 = Debug|Any CPU
		{85F2BBE9-42A6-4282-A2E0-DAC8290C2962}.Debug|ARM64.ActiveCfg = Debug|Any CPU
		{85F2BBE9-42A6-4282-A2E0-DAC8290C2962}.Debug|ARM64.Build.0 = Debug|Any CPU
		{85F2BBE9-42A6-4282-A2E0-DAC8290C2962}.Debug|x64.ActiveCfg = Debug|Any CPU
		{85F2BBE9-42A6-4282-A2E0-DAC8290C2962}.Debug|x64.Build.0 = Debug|Any CPU
		{85F2BBE9-42A6-4282-A2E0-DAC8290C2962}.Debug|x86.ActiveCfg = Debug|Any CPU
		{85F2BBE9-42A6-4282-A2E0-DAC8290C2962}.Debug|x86.Build.0 = Debug|Any CPU
		{85F2BBE9-42A6-4282-A2E0-DAC8290C2962}.other|Any CPU.ActiveCfg = other|Any CPU
		{85F2BBE9-42A6-4282-A2E0-DAC8290C2962}.other|Any CPU.Build.0 = other|Any CPU
		{85F2BBE9-42A6-4282-A2E0-DAC8290C2962}.other|ARM.ActiveCfg = other|Any CPU
		{85F2BBE9-42A6-4282-A2E0-DAC8290C2962}.other|ARM.Build.0 = other|Any CPU
		{85F2BBE9-42A6-4282-A2E0-DAC8290C2962}.other|ARM64.ActiveCfg = other|Any CPU
		{85F2BBE9-42A6-4282-A2E0-DAC8290C2962}.other|ARM64.Build.0 = other|Any CPU
		{85F2BBE9-42A6-4282-A2E0-DAC8290C2962}.other|x64.ActiveCfg = other|Any CPU
		{85F2BBE9-42A6-4282-A2E0-DAC8290C2962}.other|x64.Build.0 = other|Any CPU
		{85F2BBE9-42A6-4282-A2E0-DAC8290C2962}.other|x86.ActiveCfg = other|Any CPU
		{85F2BBE9-42A6-4282-A2E0-DAC8290C2962}.other|x86.Build.0 = other|Any CPU
		{85F2BBE9-42A6-4282-A2E0-DAC8290C2962}.Release|Any CPU.ActiveCfg = Release|Any CPU
		{85F2BBE9-42A6-4282-A2E0-DAC8290C2962}.Release|Any CPU.Build.0 = Release|Any CPU
		{85F2BBE9-42A6-4282-A2E0-DAC8290C2962}.Release|ARM.ActiveCfg = Release|Any CPU
		{85F2BBE9-42A6-4282-A2E0-DAC8290C2962}.Release|ARM.Build.0 = Release|Any CPU
		{85F2BBE9-42A6-4282-A2E0-DAC8290C2962}.Release|ARM64.ActiveCfg = Release|Any CPU
		{85F2BBE9-42A6-4282-A2E0-DAC8290C2962}.Release|ARM64.Build.0 = Release|Any CPU
		{85F2BBE9-42A6-4282-A2E0-DAC8290C2962}.Release|x64.ActiveCfg = Release|Any CPU
		{85F2BBE9-42A6-4282-A2E0-DAC8290C2962}.Release|x64.Build.0 = Release|Any CPU
		{85F2BBE9-42A6-4282-A2E0-DAC8290C2962}.Release|x86.ActiveCfg = Release|x86
		{85F2BBE9-42A6-4282-A2E0-DAC8290C2962}.Release|x86.Build.0 = Release|x86
		{14B167E6-A8C7-444B-AA48-A58EB9F04A22}.Debug|Any CPU.ActiveCfg = Debug|Any CPU
		{14B167E6-A8C7-444B-AA48-A58EB9F04A22}.Debug|Any CPU.Build.0 = Debug|Any CPU
		{14B167E6-A8C7-444B-AA48-A58EB9F04A22}.Debug|ARM.ActiveCfg = Debug|Any CPU
		{14B167E6-A8C7-444B-AA48-A58EB9F04A22}.Debug|ARM.Build.0 = Debug|Any CPU
		{14B167E6-A8C7-444B-AA48-A58EB9F04A22}.Debug|ARM64.ActiveCfg = Debug|Any CPU
		{14B167E6-A8C7-444B-AA48-A58EB9F04A22}.Debug|ARM64.Build.0 = Debug|Any CPU
		{14B167E6-A8C7-444B-AA48-A58EB9F04A22}.Debug|x64.ActiveCfg = Debug|Any CPU
		{14B167E6-A8C7-444B-AA48-A58EB9F04A22}.Debug|x64.Build.0 = Debug|Any CPU
		{14B167E6-A8C7-444B-AA48-A58EB9F04A22}.Debug|x86.ActiveCfg = Debug|Any CPU
		{14B167E6-A8C7-444B-AA48-A58EB9F04A22}.Debug|x86.Build.0 = Debug|Any CPU
		{14B167E6-A8C7-444B-AA48-A58EB9F04A22}.other|Any CPU.ActiveCfg = other|Any CPU
		{14B167E6-A8C7-444B-AA48-A58EB9F04A22}.other|Any CPU.Build.0 = other|Any CPU
		{14B167E6-A8C7-444B-AA48-A58EB9F04A22}.other|ARM.ActiveCfg = other|Any CPU
		{14B167E6-A8C7-444B-AA48-A58EB9F04A22}.other|ARM.Build.0 = other|Any CPU
		{14B167E6-A8C7-444B-AA48-A58EB9F04A22}.other|ARM64.ActiveCfg = other|Any CPU
		{14B167E6-A8C7-444B-AA48-A58EB9F04A22}.other|ARM64.Build.0 = other|Any CPU
		{14B167E6-A8C7-444B-AA48-A58EB9F04A22}.other|x64.ActiveCfg = other|Any CPU
		{14B167E6-A8C7-444B-AA48-A58EB9F04A22}.other|x64.Build.0 = other|Any CPU
		{14B167E6-A8C7-444B-AA48-A58EB9F04A22}.other|x86.ActiveCfg = other|Any CPU
		{14B167E6-A8C7-444B-AA48-A58EB9F04A22}.other|x86.Build.0 = other|Any CPU
		{14B167E6-A8C7-444B-AA48-A58EB9F04A22}.Release|Any CPU.ActiveCfg = Release|Any CPU
		{14B167E6-A8C7-444B-AA48-A58EB9F04A22}.Release|Any CPU.Build.0 = Release|Any CPU
		{14B167E6-A8C7-444B-AA48-A58EB9F04A22}.Release|ARM.ActiveCfg = Release|Any CPU
		{14B167E6-A8C7-444B-AA48-A58EB9F04A22}.Release|ARM.Build.0 = Release|Any CPU
		{14B167E6-A8C7-444B-AA48-A58EB9F04A22}.Release|ARM64.ActiveCfg = Release|Any CPU
		{14B167E6-A8C7-444B-AA48-A58EB9F04A22}.Release|ARM64.Build.0 = Release|Any CPU
		{14B167E6-A8C7-444B-AA48-A58EB9F04A22}.Release|x64.ActiveCfg = Release|Any CPU
		{14B167E6-A8C7-444B-AA48-A58EB9F04A22}.Release|x64.Build.0 = Release|Any CPU
		{14B167E6-A8C7-444B-AA48-A58EB9F04A22}.Release|x86.ActiveCfg = Release|x86
		{14B167E6-A8C7-444B-AA48-A58EB9F04A22}.Release|x86.Build.0 = Release|x86
		{3545472A-F854-475C-A151-44664BA3BCE2}.Debug|Any CPU.ActiveCfg = Debug|Any CPU
		{3545472A-F854-475C-A151-44664BA3BCE2}.Debug|Any CPU.Build.0 = Debug|Any CPU
		{3545472A-F854-475C-A151-44664BA3BCE2}.Debug|ARM.ActiveCfg = Debug|Any CPU
		{3545472A-F854-475C-A151-44664BA3BCE2}.Debug|ARM.Build.0 = Debug|Any CPU
		{3545472A-F854-475C-A151-44664BA3BCE2}.Debug|ARM64.ActiveCfg = Debug|Any CPU
		{3545472A-F854-475C-A151-44664BA3BCE2}.Debug|ARM64.Build.0 = Debug|Any CPU
		{3545472A-F854-475C-A151-44664BA3BCE2}.Debug|x64.ActiveCfg = Debug|Any CPU
		{3545472A-F854-475C-A151-44664BA3BCE2}.Debug|x64.Build.0 = Debug|Any CPU
		{3545472A-F854-475C-A151-44664BA3BCE2}.Debug|x86.ActiveCfg = Debug|Any CPU
		{3545472A-F854-475C-A151-44664BA3BCE2}.Debug|x86.Build.0 = Debug|Any CPU
		{3545472A-F854-475C-A151-44664BA3BCE2}.other|Any CPU.ActiveCfg = other|Any CPU
		{3545472A-F854-475C-A151-44664BA3BCE2}.other|Any CPU.Build.0 = other|Any CPU
		{3545472A-F854-475C-A151-44664BA3BCE2}.other|ARM.ActiveCfg = other|Any CPU
		{3545472A-F854-475C-A151-44664BA3BCE2}.other|ARM.Build.0 = other|Any CPU
		{3545472A-F854-475C-A151-44664BA3BCE2}.other|ARM64.ActiveCfg = other|Any CPU
		{3545472A-F854-475C-A151-44664BA3BCE2}.other|ARM64.Build.0 = other|Any CPU
		{3545472A-F854-475C-A151-44664BA3BCE2}.other|x64.ActiveCfg = other|Any CPU
		{3545472A-F854-475C-A151-44664BA3BCE2}.other|x64.Build.0 = other|Any CPU
		{3545472A-F854-475C-A151-44664BA3BCE2}.other|x86.ActiveCfg = other|Any CPU
		{3545472A-F854-475C-A151-44664BA3BCE2}.other|x86.Build.0 = other|Any CPU
		{3545472A-F854-475C-A151-44664BA3BCE2}.Release|Any CPU.ActiveCfg = Release|Any CPU
		{3545472A-F854-475C-A151-44664BA3BCE2}.Release|Any CPU.Build.0 = Release|Any CPU
		{3545472A-F854-475C-A151-44664BA3BCE2}.Release|ARM.ActiveCfg = Release|Any CPU
		{3545472A-F854-475C-A151-44664BA3BCE2}.Release|ARM.Build.0 = Release|Any CPU
		{3545472A-F854-475C-A151-44664BA3BCE2}.Release|ARM64.ActiveCfg = Release|Any CPU
		{3545472A-F854-475C-A151-44664BA3BCE2}.Release|ARM64.Build.0 = Release|Any CPU
		{3545472A-F854-475C-A151-44664BA3BCE2}.Release|x64.ActiveCfg = Release|Any CPU
		{3545472A-F854-475C-A151-44664BA3BCE2}.Release|x64.Build.0 = Release|Any CPU
		{3545472A-F854-475C-A151-44664BA3BCE2}.Release|x86.ActiveCfg = Release|x86
		{3545472A-F854-475C-A151-44664BA3BCE2}.Release|x86.Build.0 = Release|x86
		{C26A06F6-39DB-47D4-A534-FE0BDDF2C77A}.Debug|Any CPU.ActiveCfg = Debug|x86
		{C26A06F6-39DB-47D4-A534-FE0BDDF2C77A}.Debug|ARM.ActiveCfg = Debug|x86
		{C26A06F6-39DB-47D4-A534-FE0BDDF2C77A}.Debug|ARM64.ActiveCfg = Debug|x86
		{C26A06F6-39DB-47D4-A534-FE0BDDF2C77A}.Debug|x64.ActiveCfg = Debug|x86
		{C26A06F6-39DB-47D4-A534-FE0BDDF2C77A}.Debug|x86.ActiveCfg = Debug|x86
		{C26A06F6-39DB-47D4-A534-FE0BDDF2C77A}.Debug|x86.Build.0 = Debug|x86
		{C26A06F6-39DB-47D4-A534-FE0BDDF2C77A}.other|Any CPU.ActiveCfg = Release|x86
		{C26A06F6-39DB-47D4-A534-FE0BDDF2C77A}.other|Any CPU.Build.0 = Release|x86
		{C26A06F6-39DB-47D4-A534-FE0BDDF2C77A}.other|ARM.ActiveCfg = Release|x86
		{C26A06F6-39DB-47D4-A534-FE0BDDF2C77A}.other|ARM.Build.0 = Release|x86
		{C26A06F6-39DB-47D4-A534-FE0BDDF2C77A}.other|ARM64.ActiveCfg = Release|x86
		{C26A06F6-39DB-47D4-A534-FE0BDDF2C77A}.other|ARM64.Build.0 = Release|x86
		{C26A06F6-39DB-47D4-A534-FE0BDDF2C77A}.other|x64.ActiveCfg = Release|x86
		{C26A06F6-39DB-47D4-A534-FE0BDDF2C77A}.other|x64.Build.0 = Release|x86
		{C26A06F6-39DB-47D4-A534-FE0BDDF2C77A}.other|x86.ActiveCfg = Release|x86
		{C26A06F6-39DB-47D4-A534-FE0BDDF2C77A}.other|x86.Build.0 = Release|x86
		{C26A06F6-39DB-47D4-A534-FE0BDDF2C77A}.Release|Any CPU.ActiveCfg = Release|x86
		{C26A06F6-39DB-47D4-A534-FE0BDDF2C77A}.Release|ARM.ActiveCfg = Release|x86
		{C26A06F6-39DB-47D4-A534-FE0BDDF2C77A}.Release|ARM64.ActiveCfg = Release|x86
		{C26A06F6-39DB-47D4-A534-FE0BDDF2C77A}.Release|x64.ActiveCfg = Release|x86
		{C26A06F6-39DB-47D4-A534-FE0BDDF2C77A}.Release|x86.ActiveCfg = Release|x86
		{C26A06F6-39DB-47D4-A534-FE0BDDF2C77A}.Release|x86.Build.0 = Release|x86
	EndGlobalSection
	GlobalSection(SolutionProperties) = preSolution
		HideSolutionNode = FALSE
	EndGlobalSection
	GlobalSection(NestedProjects) = preSolution
		{C59828D3-E033-4E3A-A87C-FA5472132B89} = {24BF0A95-72C3-4B9B-8D54-BAF55A003A1A}
		{13E0C465-97D0-4259-B13A-305048FC7FD8} = {24BF0A95-72C3-4B9B-8D54-BAF55A003A1A}
		{1E52A2E2-C928-4085-9C61-875EFF1DD450} = {24BF0A95-72C3-4B9B-8D54-BAF55A003A1A}
		{14EF8C47-B558-4AAD-8EBA-C73D6FA82651} = {296E8ADA-8C81-4FBA-9CC4-B5C39AF06F62}
		{296E8ADA-8C81-4FBA-9CC4-B5C39AF06F62} = {24BF0A95-72C3-4B9B-8D54-BAF55A003A1A}
		{105F1E65-FEB4-4D97-9FB8-CC71B705A238} = {296E8ADA-8C81-4FBA-9CC4-B5C39AF06F62}
		{47E57F58-C101-4960-A2C2-72A7C5318AF0} = {D4D6569B-0BC5-45CF-B000-E14C9CFD86CF}
		{870D41F4-D251-4146-8C9A-7C3BF044F9D4} = {5E99EEEF-A85B-4669-BB6F-F3A75C64227C}
		{D74EE399-B276-42BE-AE34-DB49CA50855E} = {5E99EEEF-A85B-4669-BB6F-F3A75C64227C}
		{B49E76D5-F7B7-4236-8B7B-43F5E4747B0B} = {5E99EEEF-A85B-4669-BB6F-F3A75C64227C}
		{EF09A82D-F893-40F1-AF0B-8F4CCF4F22EC} = {5E99EEEF-A85B-4669-BB6F-F3A75C64227C}
		{F634B00C-5D17-4B22-92B1-F2CE7E6FB16F} = {24BF0A95-72C3-4B9B-8D54-BAF55A003A1A}
		{F03D0521-0401-4F6D-8688-C8F3F210954A} = {F634B00C-5D17-4B22-92B1-F2CE7E6FB16F}
		{85F2BBE9-42A6-4282-A2E0-DAC8290C2962} = {D4D6569B-0BC5-45CF-B000-E14C9CFD86CF}
		{14B167E6-A8C7-444B-AA48-A58EB9F04A22} = {D4D6569B-0BC5-45CF-B000-E14C9CFD86CF}
		{3545472A-F854-475C-A151-44664BA3BCE2} = {D4D6569B-0BC5-45CF-B000-E14C9CFD86CF}
		{C26A06F6-39DB-47D4-A534-FE0BDDF2C77A} = {296E8ADA-8C81-4FBA-9CC4-B5C39AF06F62}
	EndGlobalSection
	GlobalSection(ExtensibilityGlobals) = postSolution
		SolutionGuid = {09344567-FB58-498F-9B9B-4DEDB1165687}
	EndGlobalSection
EndGlobal
